
Microsoft Visual Studio Solution File, Format Version 12.00
# Visual Studio 15
VisualStudioVersion = 15.0.28010.2019
MinimumVisualStudioVersion = 10.0.40219.1
Project("{2150E333-8FDC-42A3-9474-1A3956D46DE8}") = "Tests", "Tests", "{485359A2-F912-4F98-9D63-3B534C2EDCC4}"
EndProject
Project("{9A19103F-16F7-4668-BE54-9A1E7A4F7556}") = "HabCrypto", "src\HabCrypto\HabCrypto.csproj", "{653D71C0-4FAC-4125-B070-67E6F9266A56}"
EndProject
Project("{9A19103F-16F7-4668-BE54-9A1E7A4F7556}") = "HabCrypto.Tests", "tests\HabCrypto.Tests\HabCrypto.Tests.csproj", "{A2207D2E-3FDF-4394-B7D6-7A55591FC228}"
EndProject
Global
	GlobalSection(SolutionConfigurationPlatforms) = preSolution
		Debug|Any CPU = Debug|Any CPU
		Release|Any CPU = Release|Any CPU
	EndGlobalSection
	GlobalSection(ProjectConfigurationPlatforms) = postSolution
		{653D71C0-4FAC-4125-B070-67E6F9266A56}.Debug|Any CPU.ActiveCfg = Debug|Any CPU
		{653D71C0-4FAC-4125-B070-67E6F9266A56}.Debug|Any CPU.Build.0 = Debug|Any CPU
		{653D71C0-4FAC-4125-B070-67E6F9266A56}.Release|Any CPU.ActiveCfg = Release|Any CPU
		{653D71C0-4FAC-4125-B070-67E6F9266A56}.Release|Any CPU.Build.0 = Release|Any CPU
		{A2207D2E-3FDF-4394-B7D6-7A55591FC228}.Debug|Any CPU.ActiveCfg = Debug|Any CPU
		{A2207D2E-3FDF-4394-B7D6-7A55591FC228}.Debug|Any CPU.Build.0 = Debug|Any CPU
		{A2207D2E-3FDF-4394-B7D6-7A55591FC228}.Release|Any CPU.ActiveCfg = Release|Any CPU
		{A2207D2E-3FDF-4394-B7D6-7A55591FC228}.Release|Any CPU.Build.0 = Release|Any CPU
	EndGlobalSection
	GlobalSection(SolutionProperties) = preSolution
		HideSolutionNode = FALSE
	EndGlobalSection
	GlobalSection(NestedProjects) = preSolution
		{A2207D2E-3FDF-4394-B7D6-7A55591FC228} = {485359A2-F912-4F98-9D63-3B534C2EDCC4}
	EndGlobalSection
	GlobalSection(ExtensibilityGlobals) = postSolution
		SolutionGuid = {23D8AEB0-CCFE-4F6E-B18D-0165DE8D01C2}
	EndGlobalSection
EndGlobal
